hash: 641a264b407294f46d29fc7b9650144f295e494bebc5ba4921e3d792f093b702
updated: 2019-08-09T12:36:40.618941257+02:00
imports:
- name: github.com/beorn7/perks
  version: 4b2b341e8d7715fae06375aa633dbb6e91b3fb46
  subpackages:
  - quantile
- name: github.com/davecgh/go-spew
  version: d8f796af33cc11cb798c1aaeb27a4ebc5099927d
  subpackages:
  - spew
- name: github.com/fatih/structs
  version: a720dfa8df582c51dee1b36feabb906bde1588bd
- name: github.com/go-openapi/analysis
  version: 7222828b8ce19afee3c595aef6643b9e42150120
- name: github.com/go-openapi/errors
  version: 49fe8b3a0e0d32a617d8d50c67f856ad6e45b28b
- name: github.com/go-openapi/loads
  version: 315567415dfd74b651f7a62cabfc82a57ed7b9ad
- name: github.com/go-openapi/spec
  version: d8000b5bfbd1147255710505a27c735b6b2ae2ac
- name: github.com/go-openapi/swag
  version: 3b6d86cd965820f968760d5d419cb4add096bdd7
- name: github.com/go-openapi/validate
  version: 2c997e169d705fe1e4235c9c1d62a7e704a84290
- name: github.com/go-sql-driver/mysql
  version: 72cd26f257d44c1114970e19afddcd812016007e
- name: github.com/gogo/protobuf
  version: c0656edd0d9eab7c66d1eb0c568f9039345796f7
  subpackages:
  - gogoproto
  - proto
  - protoc-gen-gogo/descriptor
- name: github.com/golang/protobuf
  version: 6c65a5562fc06764971b7c5d05c76c75e84bdbf7
  subpackages:
  - proto
  - ptypes
  - ptypes/any
  - ptypes/duration
  - ptypes/timestamp
  - ptypes/wrappers
- name: github.com/gorilla/handlers
  version: 90663712d74cb411cbef281bc1e08c19d1a76145
- name: github.com/gorilla/mux
  version: e3702bed27f0d39777b0b37b664b6280e8ef8fbf
- name: github.com/gradecak/fission-workflows
  version: ea1c898efa085163ea2a8bc4e2a13b1576cc5f64
  subpackages:
  - pkg/provenance/graph
  - pkg/types
  - pkg/types/typedvalues
  - pkg/util
- name: github.com/hashicorp/golang-lru
  version: 20f1fb78b0740ba8c3cb143a61e86ba5c8669768
- name: github.com/huandu/go-sqlbuilder
  version: 47ad0c5de1051bb36403e717180bea3699247814
- name: github.com/konsorten/go-windows-terminal-sequences
  version: f55edac94c9bbba5d6182a4be46d86a2c9b5b50e
- name: github.com/matttproud/golang_protobuf_extensions
  version: c182affec369e30f25d3eb8cd8a478dee585ae7d
  subpackages:
  - pbutil
- name: github.com/nats-io/go-nats
  version: d66cb54e6b7bdd93f0b28afc8450d84c780dfb68
- name: github.com/nats-io/go-nats-streaming
  version: 6e620057a207bd61e992c1c5b6a2de7b6a4cb010
- name: github.com/nats-io/nats.go
  version: 6eb6122d3827c87e99b9a095ef3667d5aedf3b37
  subpackages:
  - encoders/builtin
  - util
- name: github.com/nats-io/nkeys
  version: 13b630ddaff0a6fe5e90ddfca4642014f84b4910
- name: github.com/nats-io/nuid
  version: 4b96681fa6d28dd0ab5fe79bac63b3a493d9ee94
- name: github.com/nats-io/stan.go
  version: 71833a70e319f5f843347eac41bb466771b2b294
  subpackages:
  - pb
- name: github.com/pkg/errors
  version: ba968bfe8b2f7e042a574c888954fccecfa385b4
- name: github.com/pmezard/go-difflib
  version: 5d4384ee4fb2527b0a1256a821ebfc92f91efefc
  subpackages:
  - difflib
- name: github.com/prometheus/client_golang
  version: 170205fb58decfd011f1550d4cfb737230d7ae4f
  subpackages:
  - prometheus
  - prometheus/internal
  - prometheus/promhttp
- name: github.com/prometheus/client_model
  version: fd36f4220a901265f90734c3183c5f0c91daa0b8
  subpackages:
  - go
- name: github.com/prometheus/common
  version: 31bed53e4047fd6c510e43a941f90cb31be0972a
  subpackages:
  - expfmt
  - internal/bitbucket.org/ww/goautoneg
  - model
- name: github.com/prometheus/procfs
  version: 8f55e607908ea781ad9d08521730d73e047d9ac4
  subpackages:
  - internal/fs
  - internal/util
- name: github.com/robertkrimen/otto
  version: 15f95af6e78dcd2030d8195a138bd88d4f403546
- name: github.com/satori/go.uuid
  version: f58768cc1a7a7e77a3bd49e98cdd21419399b6a3
- name: github.com/sirupsen/logrus
  version: a67f783a3814b8729bd2dac5780b5f78f8dbd64d
- name: github.com/stretchr/testify
  version: f35b8ab0b5a2cef36673838d662e249dd9c94686
  subpackages:
  - assert
- name: github.com/urfave/cli
  version: 0bdeddeeb0f650497d603c4ad7b20cfe685682f6
- name: golang.org/x/crypto
  version: 4def268fd1a49955bfb3dda92fe3db4f924f2285
  subpackages:
  - ed25519
  - ed25519/internal/edwards25519
  - ssh/terminal
- name: golang.org/x/net
  version: f5079bd7f6f74e23c4d65efa0f4ce14cbd6a3c0f
- name: golang.org/x/sync
  version: 112230192c580c3556b8cee6403af37a4fc5f28c
  subpackages:
  - semaphore
  - syncmap
- name: golang.org/x/sys
  version: c488ab1dd8481ef762f96a79a9577c27825be697
  subpackages:
  - unix
  - windows
- name: golang.org/x/text
  version: 88f656faf3f37f690df1a32515b479415e1a6769
- name: gonum.org/v1/gonum
  version: 996b88e8f8941c9defdbb338bea5e239a230e742
  repo: http://github.com/gonum/gonum
  subpackages:
  - graph
  - graph/simple
  - graph/topo
- name: google.golang.org/appengine
  version: fb139bde60fa77cede04f226b4d5a3cf68dcce27
  subpackages:
  - cloudsql
- name: google.golang.org/grpc
  version: 61763f5bcf26276d4c255c89e9dcf8f9838a271b
- name: gopkg.in/yaml.v2
  version: 51d6538a90f86fe93ac480b35f37b2be17fef232
testImports:
- name: github.com/fission/fission-workflows
  version: 31c11eae531ac9b4a56d036780b83c4b5e48c9c4
  subpackages:
  - pkg/types
  - pkg/types/typedvalues
  - pkg/util
